
Microsoft Visual Studio Solution File, Format Version 12.00
# Visual Studio 2012
Project("{FAE04EC0-301F-11D3-BF4B-00C04F79EFBC}") = "OurLittleTastyServerBot", "OurLittleTastyServerBot\OurLittleTastyServerBot.csproj", "{5BD79F62-96B8-445A-80AD-1B238FBF0558}"
EndProject
Project("{FAE04EC0-301F-11D3-BF4B-00C04F79EFBC}") = "StreamForRead", "StreamForRead\StreamForRead.csproj", "{68842336-6F97-4D92-96E6-AC57A1EE48F2}"
EndProject
Global
	GlobalSection(SolutionConfigurationPlatforms) = preSolution
		CD_ROM|Any CPU = CD_ROM|Any CPU
		CD_ROM|Mixed Platforms = CD_ROM|Mixed Platforms
		CD_ROM|x86 = CD_ROM|x86
		Debug|Any CPU = Debug|Any CPU
		Debug|Mixed Platforms = Debug|Mixed Platforms
		Debug|x86 = Debug|x86
		DVD-5|Any CPU = DVD-5|Any CPU
		DVD-5|Mixed Platforms = DVD-5|Mixed Platforms
		DVD-5|x86 = DVD-5|x86
		Release|Any CPU = Release|Any CPU
		Release|Mixed Platforms = Release|Mixed Platforms
		Release|x86 = Release|x86
		SingleImage|Any CPU = SingleImage|Any CPU
		SingleImage|Mixed Platforms = SingleImage|Mixed Platforms
		SingleImage|x86 = SingleImage|x86
		Description = Служба отправки СМС Сибирского арсенала
	EndGlobalSection
	GlobalSection(ProjectConfigurationPlatforms) = postSolution
		{5BD79F62-96B8-445A-80AD-1B238FBF0558}.CD_ROM|Any CPU.ActiveCfg = Release|Any CPU
		{5BD79F62-96B8-445A-80AD-1B238FBF0558}.CD_ROM|Any CPU.Build.0 = Release|Any CPU
		{5BD79F62-96B8-445A-80AD-1B238FBF0558}.CD_ROM|Mixed Platforms.ActiveCfg = Release|Any CPU
		{5BD79F62-96B8-445A-80AD-1B238FBF0558}.CD_ROM|Mixed Platforms.Build.0 = Release|Any CPU
		{5BD79F62-96B8-445A-80AD-1B238FBF0558}.CD_ROM|x86.ActiveCfg = Release|Any CPU
		{5BD79F62-96B8-445A-80AD-1B238FBF0558}.Debug|Any CPU.ActiveCfg = Debug|Any CPU
		{5BD79F62-96B8-445A-80AD-1B238FBF0558}.Debug|Any CPU.Build.0 = Debug|Any CPU
		{5BD79F62-96B8-445A-80AD-1B238FBF0558}.Debug|Mixed Platforms.ActiveCfg = Debug|Any CPU
		{5BD79F62-96B8-445A-80AD-1B238FBF0558}.Debug|Mixed Platforms.Build.0 = Debug|Any CPU
		{5BD79F62-96B8-445A-80AD-1B238FBF0558}.Debug|x86.ActiveCfg = Debug|Any CPU
		{5BD79F62-96B8-445A-80AD-1B238FBF0558}.DVD-5|Any CPU.ActiveCfg = Debug|Any CPU
		{5BD79F62-96B8-445A-80AD-1B238FBF0558}.DVD-5|Any CPU.Build.0 = Debug|Any CPU
		{5BD79F62-96B8-445A-80AD-1B238FBF0558}.DVD-5|Mixed Platforms.ActiveCfg = Debug|Any CPU
		{5BD79F62-96B8-445A-80AD-1B238FBF0558}.DVD-5|Mixed Platforms.Build.0 = Debug|Any CPU
		{5BD79F62-96B8-445A-80AD-1B238FBF0558}.DVD-5|x86.ActiveCfg = Debug|Any CPU
		{5BD79F62-96B8-445A-80AD-1B238FBF0558}.Release|Any CPU.ActiveCfg = Release|Any CPU
		{5BD79F62-96B8-445A-80AD-1B238FBF0558}.Release|Any CPU.Build.0 = Release|Any CPU
		{5BD79F62-96B8-445A-80AD-1B238FBF0558}.Release|Mixed Platforms.ActiveCfg = Release|Any CPU
		{5BD79F62-96B8-445A-80AD-1B238FBF0558}.Release|Mixed Platforms.Build.0 = Release|Any CPU
		{5BD79F62-96B8-445A-80AD-1B238FBF0558}.Release|x86.ActiveCfg = Release|Any CPU
		{5BD79F62-96B8-445A-80AD-1B238FBF0558}.SingleImage|Any CPU.ActiveCfg = Release|Any CPU
		{5BD79F62-96B8-445A-80AD-1B238FBF0558}.SingleImage|Any CPU.Build.0 = Release|Any CPU
		{5BD79F62-96B8-445A-80AD-1B238FBF0558}.SingleImage|Mixed Platforms.ActiveCfg = Release|Any CPU
		{5BD79F62-96B8-445A-80AD-1B238FBF0558}.SingleImage|Mixed Platforms.Build.0 = Release|Any CPU
		{5BD79F62-96B8-445A-80AD-1B238FBF0558}.SingleImage|x86.ActiveCfg = Release|Any CPU
		{68842336-6F97-4D92-96E6-AC57A1EE48F2}.CD_ROM|Any CPU.ActiveCfg = Release|Any CPU
		{68842336-6F97-4D92-96E6-AC57A1EE48F2}.CD_ROM|Any CPU.Build.0 = Release|Any CPU
		{68842336-6F97-4D92-96E6-AC57A1EE48F2}.CD_ROM|Mixed Platforms.ActiveCfg = Release|Any CPU
		{68842336-6F97-4D92-96E6-AC57A1EE48F2}.CD_ROM|Mixed Platforms.Build.0 = Release|Any CPU
		{68842336-6F97-4D92-96E6-AC57A1EE48F2}.CD_ROM|x86.ActiveCfg = Release|Any CPU
		{68842336-6F97-4D92-96E6-AC57A1EE48F2}.Debug|Any CPU.ActiveCfg = Debug|Any CPU
		{68842336-6F97-4D92-96E6-AC57A1EE48F2}.Debug|Any CPU.Build.0 = Debug|Any CPU
		{68842336-6F97-4D92-96E6-AC57A1EE48F2}.Debug|Mixed Platforms.ActiveCfg = Debug|Any CPU
		{68842336-6F97-4D92-96E6-AC57A1EE48F2}.Debug|Mixed Platforms.Build.0 = Debug|Any CPU
		{68842336-6F97-4D92-96E6-AC57A1EE48F2}.Debug|x86.ActiveCfg = Debug|Any CPU
		{68842336-6F97-4D92-96E6-AC57A1EE48F2}.DVD-5|Any CPU.ActiveCfg = Debug|Any CPU
		{68842336-6F97-4D92-96E6-AC57A1EE48F2}.DVD-5|Any CPU.Build.0 = Debug|Any CPU
		{68842336-6F97-4D92-96E6-AC57A1EE48F2}.DVD-5|Mixed Platforms.ActiveCfg = Debug|Any CPU
		{68842336-6F97-4D92-96E6-AC57A1EE48F2}.DVD-5|Mixed Platforms.Build.0 = Debug|Any CPU
		{68842336-6F97-4D92-96E6-AC57A1EE48F2}.DVD-5|x86.ActiveCfg = Debug|Any CPU
		{68842336-6F97-4D92-96E6-AC57A1EE48F2}.Release|Any CPU.ActiveCfg = Release|Any CPU
		{68842336-6F97-4D92-96E6-AC57A1EE48F2}.Release|Any CPU.Build.0 = Release|Any CPU
		{68842336-6F97-4D92-96E6-AC57A1EE48F2}.Release|Mixed Platforms.ActiveCfg = Release|Any CPU
		{68842336-6F97-4D92-96E6-AC57A1EE48F2}.Release|Mixed Platforms.Build.0 = Release|Any CPU
		{68842336-6F97-4D92-96E6-AC57A1EE48F2}.Release|x86.ActiveCfg = Release|Any CPU
		{68842336-6F97-4D92-96E6-AC57A1EE48F2}.SingleImage|Any CPU.ActiveCfg = Release|Any CPU
		{68842336-6F97-4D92-96E6-AC57A1EE48F2}.SingleImage|Any CPU.Build.0 = Release|Any CPU
		{68842336-6F97-4D92-96E6-AC57A1EE48F2}.SingleImage|Mixed Platforms.ActiveCfg = Release|Any CPU
		{68842336-6F97-4D92-96E6-AC57A1EE48F2}.SingleImage|Mixed Platforms.Build.0 = Release|Any CPU
		{68842336-6F97-4D92-96E6-AC57A1EE48F2}.SingleImage|x86.ActiveCfg = Release|Any CPU
	EndGlobalSection
	GlobalSection(SolutionProperties) = preSolution
		HideSolutionNode = FALSE
	EndGlobalSection
EndGlobal
